# This file was autogenerated by Stack.
# You should not edit this file by hand.
# For more information, please see the documentation at:
#   https://docs.haskellstack.org/en/stable/lock_files

packages:
- completed:
    pantry-tree:
      sha256: 46d7e19478603bd9e38e8b1b1cd3fb92bccf42ff9b4896c67cd3418b825c2ccd
      size: 373
    hackage: linux-evdev-0.3.2@sha256:021bc71880cba6ca10da787763f6455c9e04f98a1c0a33ea0506f78311f3d2be,1059
  original:
    hackage: linux-evdev-0.3.2
- completed:
    pantry-tree:
      sha256: a37d3576d0624fa58ff4522e8544a18fc2903d8fc448fd229513edb0681ada4b
      size: 21251
    hackage: gtk3-0.15.7@sha256:d2c599bbed3b7965956db564c5e2bccf4b42b7123628b663901da7da5c90c421,19495
  original:
    hackage: gtk3-0.15.7
- completed:
    pantry-tree:
      sha256: d6a9b3a15bc2e7b53fda331279cfdbc299fbf0c4be2ee8c1b6b79b924b6fdeb4
      size: 2830
    hackage: cairo-0.13.8.2@sha256:ef1709c3c4d2c6d68a9a51d9f220dccc0745f6468d2d0868c15a7ecdf8f325a1,4078
  original:
    hackage: cairo-0.13.8.2
- completed:
    pantry-tree:
      sha256: 10c335853e1d43e0b7426b33e8ddbdb90b3e318ebec4d58f0726a2f4cfb2e1c9
      size: 1506
    hackage: pango-0.13.8.2@sha256:d4057ebddade4cde3e25d7755b5e030e7a7e56fe7365afd37916a7bba46d3fd9,3917
  original:
    hackage: pango-0.13.8.2
- completed:
    pantry-tree:
      sha256: 2442a22152231a94e2f1ecfe7ddc0f4e5fb2d5ae116b371508a448bd3312ef06
      size: 1625
    hackage: glib-0.13.8.2@sha256:f44b829e741b3c3244d523f60b058701dfc067ff64c2ba61d43be4cccfc2663d,3156
  original:
    hackage: glib-0.13.8.2
- completed:
    pantry-tree:
      sha256: b1733df766fe4f04f052aa4d08d4fed2e506dc0fd1d5357d9020c4256cbd9ac7
      size: 2036
    hackage: gio-0.13.8.2@sha256:95a9cc25976992aea0c4d0482b4f98ef165eca9ec2ccd553e2ce646bb0d8c66d,3136
  original:
    hackage: gio-0.13.8.2
snapshots:
- completed:
    sha256: 82e5ccb47b068521de4055034e8aa278eab430b586881d9cc29ba8b382ce3253
    size: 618952
    url: https://raw.githubusercontent.com/commercialhaskell/stackage-snapshots/master/lts/19/15.yaml
  original:
    url: https://raw.githubusercontent.com/commercialhaskell/stackage-snapshots/master/lts/19/15.yaml
